
Microsoft Visual Studio Solution File, Format Version 12.00
# Visual Studio 14
VisualStudioVersion = 14.0.25420.1
MinimumVisualStudioVersion = 10.0.40219.1
Project("{8BC9CEB8-8B4A-11D0-8D11-00A0C91BC942}") = "Client", "Client\Default\Client.vcxproj", "{CC15818E-9D14-4C5B-9CCE-C14F03EFF1BC}"
EndProject
Project("{8BC9CEB8-8B4A-11D0-8D11-00A0C91BC942}") = "Engine", "Engine\Default\Engine.vcxproj", "{0FF6DB75-DC99-4704-A653-22C0758A2AED}"
EndProject
Global
	GlobalSection(SolutionConfigurationPlatforms) = preSolution
		Debug|x64 = Debug|x64
		Debug|x86 = Debug|x86
		Release|x64 = Release|x64
		Release|x86 = Release|x86
	EndGlobalSection
	GlobalSection(ProjectConfigurationPlatforms) = postSolution
		{CC15818E-9D14-4C5B-9CCE-C14F03EFF1BC}.Debug|x64.ActiveCfg = Debug|x64
		{CC15818E-9D14-4C5B-9CCE-C14F03EFF1BC}.Debug|x64.Build.0 = Debug|x64
		{CC15818E-9D14-4C5B-9CCE-C14F03EFF1BC}.Debug|x86.ActiveCfg = Debug|Win32
		{CC15818E-9D14-4C5B-9CCE-C14F03EFF1BC}.Debug|x86.Build.0 = Debug|Win32
		{CC15818E-9D14-4C5B-9CCE-C14F03EFF1BC}.Release|x64.ActiveCfg = Release|x64
		{CC15818E-9D14-4C5B-9CCE-C14F03EFF1BC}.Release|x64.Build.0 = Release|x64
		{CC15818E-9D14-4C5B-9CCE-C14F03EFF1BC}.Release|x86.ActiveCfg = Release|Win32
		{CC15818E-9D14-4C5B-9CCE-C14F03EFF1BC}.Release|x86.Build.0 = Release|Win32
		{0FF6DB75-DC99-4704-A653-22C0758A2AED}.Debug|x64.ActiveCfg = Debug|x64
		{0FF6DB75-DC99-4704-A653-22C0758A2AED}.Debug|x64.Build.0 = Debug|x64
		{0FF6DB75-DC99-4704-A653-22C0758A2AED}.Debug|x86.ActiveCfg = Debug|Win32
		{0FF6DB75-DC99-4704-A653-22C0758A2AED}.Debug|x86.Build.0 = Debug|Win32
		{0FF6DB75-DC99-4704-A653-22C0758A2AED}.Release|x64.ActiveCfg = Release|x64
		{0FF6DB75-DC99-4704-A653-22C0758A2AED}.Release|x64.Build.0 = Release|x64
		{0FF6DB75-DC99-4704-A653-22C0758A2AED}.Release|x86.ActiveCfg = Release|Win32
		{0FF6DB75-DC99-4704-A653-22C0758A2AED}.Release|x86.Build.0 = Release|Win32
	EndGlobalSection
	GlobalSection(SolutionProperties) = preSolution
		HideSolutionNode = FALSE
	EndGlobalSection
EndGlobal
